# This file is generated by running "yarn install" inside your project.
# Manual changes might be lost - proceed with caution!

__metadata:
  version: 6
  cacheKey: 8

"@esri/calcite-components@npm:1.4.1":
  version: 1.4.1
  resolution: "@esri/calcite-components@npm:1.4.1"
  dependencies:
    "@floating-ui/dom": 1.2.7
    "@stencil/core": 2.22.3
    "@types/color": 3.0.3
    color: 4.2.3
    composed-offset-position: 0.0.4
    dayjs: 1.11.7
    focus-trap: 7.4.2
    form-request-submit-polyfill: 2.0.0
    lodash-es: 4.17.21
    sortablejs: 1.15.0
  checksum: aa2eaa642b7a1ae7a86f5e78c0fa20d79ee3d3d492c9b153acf10be6422a577fe884470c425f6f2bbe29d848a00bdcd490fb5b8d31cb31bd0616299a209f4870
  languageName: node
  linkType: hard

"@floating-ui/core@npm:^1.2.6":
  version: 1.3.0
  resolution: "@floating-ui/core@npm:1.3.0"
  checksum: 51d8acc9fd720cb217cae7074f5f923bf2b6e0bb4f228e03077254d0f6e49f9753b34a14b9abb1f11671c3b61284c487ab27c4ba1843bcd4397e7d72dc7d4a59
  languageName: node
  linkType: hard

"@floating-ui/dom@npm:1.2.7":
  version: 1.2.7
  resolution: "@floating-ui/dom@npm:1.2.7"
  dependencies:
    "@floating-ui/core": ^1.2.6
  checksum: f330228b909ecf241fea1db780a97c842acaea74d2a5ce99456040f9932a80d12c6a77e1c7d56a2700fe6bc85f961f76a7f3bd2640c3a5b2bc497ccc65074519
  languageName: node
  linkType: hard

"@stencil/core@npm:2.22.3":
  version: 2.22.3
  resolution: "@stencil/core@npm:2.22.3"
  bin:
    stencil: bin/stencil
  checksum: b43fd0c0e10c8f6831821635de650f49c8d94eab75aa8e9214b723511cfd1f90fbf1ad33a79b4d2f165ef9ca6bee02839aac7b0a234ec6082b5959f98069f397
  languageName: node
  linkType: hard

"@types/color-convert@npm:*":
  version: 2.0.0
  resolution: "@types/color-convert@npm:2.0.0"
  dependencies:
    "@types/color-name": "*"
  checksum: 027b68665dc2278cc2d83e796ada0a05a08aa5a11297e227c48c7f9f6eac518dec98578ab0072bd211963d3e4b431da70b20ea28d6c3136d0badfd3f9913baee
  languageName: node
  linkType: hard

"@types/color-name@npm:*":
  version: 1.1.1
  resolution: "@types/color-name@npm:1.1.1"
  checksum: b71fcad728cc68abcba1d405742134410c8f8eb3c2ef18113b047afca158ad23a4f2c229bcf71a38f4a818dead375c45b20db121d0e69259c2d81e97a740daa6
  languageName: node
  linkType: hard

"@types/color@npm:3.0.3":
  version: 3.0.3
  resolution: "@types/color@npm:3.0.3"
  dependencies:
    "@types/color-convert": "*"
  checksum: 4a54a6eca687b1f19d393c6c44e292009e913fa2377b5b815d1cd04470131087d7a799718d9e66a970f43e6ba16e7056a5b40b49d2d0d1d0f1530aff23864528
  languageName: node
  linkType: hard

"color-convert@npm:^2.0.1":
  version: 2.0.1
  resolution: "color-convert@npm:2.0.1"
  dependencies:
    color-name: ~1.1.4
  checksum: 79e6bdb9fd479a205c71d89574fccfb22bd9053bd98c6c4d870d65c132e5e904e6034978e55b43d69fcaa7433af2016ee203ce76eeba9cfa554b373e7f7db336
  languageName: node
  linkType: hard

"color-name@npm:^1.0.0, color-name@npm:~1.1.4":
  version: 1.1.4
  resolution: "color-name@npm:1.1.4"
  checksum: b0445859521eb4021cd0fb0cc1a75cecf67fceecae89b63f62b201cca8d345baf8b952c966862a9d9a2632987d4f6581f0ec8d957dfacece86f0a7919316f610
  languageName: node
  linkType: hard

"color-string@npm:^1.9.0":
  version: 1.9.1
  resolution: "color-string@npm:1.9.1"
  dependencies:
    color-name: ^1.0.0
    simple-swizzle: ^0.2.2
  checksum: c13fe7cff7885f603f49105827d621ce87f4571d78ba28ef4a3f1a104304748f620615e6bf065ecd2145d0d9dad83a3553f52bb25ede7239d18e9f81622f1cc5
  languageName: node
  linkType: hard

"color@npm:4.2.3":
  version: 4.2.3
  resolution: "color@npm:4.2.3"
  dependencies:
    color-convert: ^2.0.1
    color-string: ^1.9.0
  checksum: 0579629c02c631b426780038da929cca8e8d80a40158b09811a0112a107c62e10e4aad719843b791b1e658ab4e800558f2e87ca4522c8b32349d497ecb6adeb4
  languageName: node
  linkType: hard

"composed-offset-position@npm:0.0.4":
  version: 0.0.4
  resolution: "composed-offset-position@npm:0.0.4"
  checksum: a95ce7604025cbc1e37d3a836198bcad1b1c66620a480dac373afa1c801f128ca65f108f89548fa81d1d8daf873f1f1bc49f1d74a1784a28768beca15454b0a6
  languageName: node
  linkType: hard

"dayjs@npm:1.11.7":
  version: 1.11.7
  resolution: "dayjs@npm:1.11.7"
  checksum: 5003a7c1dd9ed51385beb658231c3548700b82d3548c0cfbe549d85f2d08e90e972510282b7506941452c58d32136d6362f009c77ca55381a09c704e9f177ebb
  languageName: node
  linkType: hard

"focus-trap@npm:7.4.2":
  version: 7.4.2
  resolution: "focus-trap@npm:7.4.2"
  dependencies:
    tabbable: ^6.1.2
  checksum: d34d66c06fdc787cc0f23c98289ed6ae2b0604a836f98cd5a672736daab745d9d81076b4d8d83e5d3ce19791566eef13acbb8ebfa9aa419be21a94ffc13c3f22
  languageName: node
  linkType: hard

"form-request-submit-polyfill@npm:2.0.0":
  version: 2.0.0
  resolution: "form-request-submit-polyfill@npm:2.0.0"
  checksum: c6a6365599dc97bd681a2e4e6f2d856719db8b8e0f5e93f8ada4fc39b79f79e88bdd58d27bc1b7eeba0b98e669da77112f20906d287c1a7b40e3450385e80330
  languageName: node
  linkType: hard

"is-arrayish@npm:^0.3.1":
  version: 0.3.2
  resolution: "is-arrayish@npm:0.3.2"
  checksum: 977e64f54d91c8f169b59afcd80ff19227e9f5c791fa28fa2e5bce355cbaf6c2c356711b734656e80c9dd4a854dd7efcf7894402f1031dfc5de5d620775b4d5f
  languageName: node
  linkType: hard

"lodash-es@npm:4.17.21":
  version: 4.17.21
  resolution: "lodash-es@npm:4.17.21"
  checksum: 05cbffad6e2adbb331a4e16fbd826e7faee403a1a04873b82b42c0f22090f280839f85b95393f487c1303c8a3d2a010048bf06151a6cbe03eee4d388fb0a12d2
  languageName: node
  linkType: hard

"package-version-test@workspace:.":
  version: 0.0.0-use.local
  resolution: "package-version-test@workspace:."
  languageName: unknown
  linkType: soft

"simple-swizzle@npm:^0.2.2":
  version: 0.2.2
  resolution: "simple-swizzle@npm:0.2.2"
  dependencies:
    is-arrayish: ^0.3.1
  checksum: a7f3f2ab5c76c4472d5c578df892e857323e452d9f392e1b5cf74b74db66e6294a1e1b8b390b519fa1b96b5b613f2a37db6cffef52c3f1f8f3c5ea64eb2d54c0
  languageName: node
  linkType: hard

"sortablejs@npm:1.15.0":
  version: 1.15.0
  resolution: "sortablejs@npm:1.15.0"
  checksum: bb82223a663484640d317cad510ac987f26b7a443631040407224de1be069afcc6c39048b6d8527f10f269e33595e8128d7de2fac23517c8260470f77f932d55
  languageName: node
  linkType: hard

"tabbable@npm:^6.1.2":
  version: 6.1.2
  resolution: "tabbable@npm:6.1.2"
  checksum: 1e2d9af4f172a3793f491bab10263c26903c2be6a5c4ab723d69d1ba2054828d22a50add9ba7fc42735468871d40054d906fa4f0a9dc2fbd4feff875e84c1a89
  languageName: node
  linkType: hard

"test@workspace:packages/test":
  version: 0.0.0-use.local
  resolution: "test@workspace:packages/test"
  dependencies:
    "@esri/calcite-components": ^1.4.2
  languageName: unknown
  linkType: soft
